// !$*UTF8*$!
{
	archiveVersion = 1;
	classes = {
	};
	objectVersion = 77;
	objects = {

/* Begin PBXBuildFile section */
		87A81CE22D10A81A00A4AEF6 /* FirebaseAnalytics in Frameworks */ = {isa = PBXBuildFile; productRef = 87A81CE12D10A81A00A4AEF6 /* FirebaseAnalytics */; };
		87A81CE42D10A81A00A4AEF6 /* FirebaseAnalyticsOnDeviceConversion in Frameworks */ = {isa = PBXBuildFile; productRef = 87A81CE32D10A81A00A4AEF6 /* FirebaseAnalyticsOnDeviceConversion */; };
		87A81CE62D10A81A00A4AEF6 /* FirebaseAnalyticsWithoutAdIdSupport in Frameworks */ = {isa = PBXBuildFile; productRef = 87A81CE52D10A81A00A4AEF6 /* FirebaseAnalyticsWithoutAdIdSupport */; };
		87A81CE82D10A81A00A4AEF6 /* FirebaseAppCheck in Frameworks */ = {isa = PBXBuildFile; productRef = 87A81CE72D10A81A00A4AEF6 /* FirebaseAppCheck */; };
		87A81CEA2D10A81A00A4AEF6 /* FirebaseAppDistribution-Beta in Frameworks */ = {isa = PBXBuildFile; productRef = 87A81CE92D10A81A00A4AEF6 /* FirebaseAppDistribution-Beta */; };
		87A81CEC2D10A81A00A4AEF6 /* FirebaseAuth in Frameworks */ = {isa = PBXBuildFile; productRef = 87A81CEB2D10A81A00A4AEF6 /* FirebaseAuth */; };
		87A81CEE2D10A81A00A4AEF6 /* FirebaseAuthCombine-Community in Frameworks */ = {isa = PBXBuildFile; productRef = 87A81CED2D10A81A00A4AEF6 /* FirebaseAuthCombine-Community */; };
		87A81CF02D10A81A00A4AEF6 /* FirebaseCore in Frameworks */ = {isa = PBXBuildFile; productRef = 87A81CEF2D10A81A00A4AEF6 /* FirebaseCore */; };
		87A81CF22D10A81A00A4AEF6 /* FirebaseCrashlytics in Frameworks */ = {isa = PBXBuildFile; productRef = 87A81CF12D10A81A00A4AEF6 /* FirebaseCrashlytics */; };
		87A81CF42D10A81A00A4AEF6 /* FirebaseDatabase in Frameworks */ = {isa = PBXBuildFile; productRef = 87A81CF32D10A81A00A4AEF6 /* FirebaseDatabase */; };
		87A81CF62D10A81A00A4AEF6 /* FirebaseDynamicLinks in Frameworks */ = {isa = PBXBuildFile; productRef = 87A81CF52D10A81A00A4AEF6 /* FirebaseDynamicLinks */; };
		87A81CF82D10A81A00A4AEF6 /* FirebaseFirestore in Frameworks */ = {isa = PBXBuildFile; productRef = 87A81CF72D10A81A00A4AEF6 /* FirebaseFirestore */; };
		87A81CFA2D10A81A00A4AEF6 /* FirebaseFirestoreCombine-Community in Frameworks */ = {isa = PBXBuildFile; productRef = 87A81CF92D10A81A00A4AEF6 /* FirebaseFirestoreCombine-Community */; };
		87A81CFC2D10A81A00A4AEF6 /* FirebaseFunctions in Frameworks */ = {isa = PBXBuildFile; productRef = 87A81CFB2D10A81A00A4AEF6 /* FirebaseFunctions */; };
		87A81CFE2D10A81A00A4AEF6 /* FirebaseFunctionsCombine-Community in Frameworks */ = {isa = PBXBuildFile; productRef = 87A81CFD2D10A81A00A4AEF6 /* FirebaseFunctionsCombine-Community */; };
		87A81D002D10A81A00A4AEF6 /* FirebaseInAppMessaging-Beta in Frameworks */ = {isa = PBXBuildFile; productRef = 87A81CFF2D10A81A00A4AEF6 /* FirebaseInAppMessaging-Beta */; };
/* End PBXBuildFile section */

/* Begin PBXContainerItemProxy section */
		8793D3932D10A3E400A8D6F3 /* PBXContainerItemProxy */ = {
			isa = PBXContainerItemProxy;
			containerPortal = 8793D3742D10A3E300A8D6F3 /* Project object */;
			proxyType = 1;
			remoteGlobalIDString = 8793D37B2D10A3E300A8D6F3;
			remoteInfo = RandomNumberAPP;
		};
		8793D39D2D10A3E400A8D6F3 /* PBXContainerItemProxy */ = {
			isa = PBXContainerItemProxy;
			containerPortal = 8793D3742D10A3E300A8D6F3 /* Project object */;
			proxyType = 1;
			remoteGlobalIDString = 8793D37B2D10A3E300A8D6F3;
			remoteInfo = RandomNumberAPP;
		};
/* End PBXContainerItemProxy section */

/* Begin PBXFileReference section */
		8793D37C2D10A3E300A8D6F3 /* RandomNumberAPP.app */ = {isa = PBXFileReference; explicitFileType = wrapper.application; includeInIndex = 0; path = RandomNumberAPP.app; sourceTree = BUILT_PRODUCTS_DIR; };
		8793D3922D10A3E400A8D6F3 /* RandomNumberAPPTests.xctest */ = {isa = PBXFileReference; explicitFileType = wrapper.cfbundle; includeInIndex = 0; path = RandomNumberAPPTests.xctest; sourceTree = BUILT_PRODUCTS_DIR; };
		8793D39C2D10A3E400A8D6F3 /* RandomNumberAPPUITests.xctest */ = {isa = PBXFileReference; explicitFileType = wrapper.cfbundle; includeInIndex = 0; path = RandomNumberAPPUITests.xctest; sourceTree = BUILT_PRODUCTS_DIR; };
/* End PBXFileReference section */

/* Begin PBXFileSystemSynchronizedBuildFileExceptionSet section */
		8793D3A42D10A3E400A8D6F3 /* Exceptions for "RandomNumberAPP" folder in "RandomNumberAPP" target */ = {
			isa = PBXFileSystemSynchronizedBuildFileExceptionSet;
			membershipExceptions = (
				Info.plist,
			);
			target = 8793D37B2D10A3E300A8D6F3 /* RandomNumberAPP */;
		};
/* End PBXFileSystemSynchronizedBuildFileExceptionSet section */

/* Begin PBXFileSystemSynchronizedRootGroup section */
		8793D37E2D10A3E300A8D6F3 /* RandomNumberAPP */ = {
			isa = PBXFileSystemSynchronizedRootGroup;
			exceptions = (
				8793D3A42D10A3E400A8D6F3 /* Exceptions for "RandomNumberAPP" folder in "RandomNumberAPP" target */,
			);
			path = RandomNumberAPP;
			sourceTree = "<group>";
		};
		8793D3952D10A3E400A8D6F3 /* RandomNumberAPPTests */ = {
			isa = PBXFileSystemSynchronizedRootGroup;
			path = RandomNumberAPPTests;
			sourceTree = "<group>";
		};
		8793D39F2D10A3E400A8D6F3 /* RandomNumberAPPUITests */ = {
			isa = PBXFileSystemSynchronizedRootGroup;
			path = RandomNumberAPPUITests;
			sourceTree = "<group>";
		};
/* End PBXFileSystemSynchronizedRootGroup section */

/* Begin PBXFrameworksBuildPhase section */
		8793D3792D10A3E300A8D6F3 /* Frameworks */ = {
			isa = PBXFrameworksBuildPhase;
			buildActionMask = 2147483647;
			files = (
				87A81CE22D10A81A00A4AEF6 /* FirebaseAnalytics in Frameworks */,
				87A81CF82D10A81A00A4AEF6 /* FirebaseFirestore in Frameworks */,
				87A81CE42D10A81A00A4AEF6 /* FirebaseAnalyticsOnDeviceConversion in Frameworks */,
				87A81CE82D10A81A00A4AEF6 /* FirebaseAppCheck in Frameworks */,
				87A81D002D10A81A00A4AEF6 /* FirebaseInAppMessaging-Beta in Frameworks */,
				87A81CE62D10A81A00A4AEF6 /* FirebaseAnalyticsWithoutAdIdSupport in Frameworks */,
				87A81CEC2D10A81A00A4AEF6 /* FirebaseAuth in Frameworks */,
				87A81CFE2D10A81A00A4AEF6 /* FirebaseFunctionsCombine-Community in Frameworks */,
				87A81CEA2D10A81A00A4AEF6 /* FirebaseAppDistribution-Beta in Frameworks */,
				87A81CF22D10A81A00A4AEF6 /* FirebaseCrashlytics in Frameworks */,
				87A81CF42D10A81A00A4AEF6 /* FirebaseDatabase in Frameworks */,
				87A81CF02D10A81A00A4AEF6 /* FirebaseCore in Frameworks */,
				87A81CEE2D10A81A00A4AEF6 /* FirebaseAuthCombine-Community in Frameworks */,
				87A81CFC2D10A81A00A4AEF6 /* FirebaseFunctions in Frameworks */,
				87A81CF62D10A81A00A4AEF6 /* FirebaseDynamicLinks in Frameworks */,
				87A81CFA2D10A81A00A4AEF6 /* FirebaseFirestoreCombine-Community in Frameworks */,
			);
			runOnlyForDeploymentPostprocessing = 0;
		};
		8793D38F2D10A3E400A8D6F3 /* Frameworks */ = {
			isa = PBXFrameworksBuildPhase;
			buildActionMask = 2147483647;
			files = (
			);
			runOnlyForDeploymentPostprocessing = 0;
		};
		8793D3992D10A3E400A8D6F3 /* Frameworks */ = {
			isa = PBXFrameworksBuildPhase;
			buildActionMask = 2147483647;
			files = (
			);
			runOnlyForDeploymentPostprocessing = 0;
		};
/* End PBXFrameworksBuildPhase section */

/* Begin PBXGroup section */
		8793D3732D10A3E300A8D6F3 = {
			isa = PBXGroup;
			children = (
				8793D37E2D10A3E300A8D6F3 /* RandomNumberAPP */,
				8793D3952D10A3E400A8D6F3 /* RandomNumberAPPTests */,
				8793D39F2D10A3E400A8D6F3 /* RandomNumberAPPUITests */,
				8793D37D2D10A3E300A8D6F3 /* Products */,
			);
			sourceTree = "<group>";
		};
		8793D37D2D10A3E300A8D6F3 /* Products */ = {
			isa = PBXGroup;
			children = (
				8793D37C2D10A3E300A8D6F3 /* RandomNumberAPP.app */,
				8793D3922D10A3E400A8D6F3 /* RandomNumberAPPTests.xctest */,
				8793D39C2D10A3E400A8D6F3 /* RandomNumberAPPUITests.xctest */,
			);
			name = Products;
			sourceTree = "<group>";
		};
/* End PBXGroup section */

/* Begin PBXNativeTarget section */
		8793D37B2D10A3E300A8D6F3 /* RandomNumberAPP */ = {
			isa = PBXNativeTarget;
			buildConfigurationList = 8793D3A52D10A3E400A8D6F3 /* Build configuration list for PBXNativeTarget "RandomNumberAPP" */;
			buildPhases = (
				8793D3782D10A3E300A8D6F3 /* Sources */,
				8793D3792D10A3E300A8D6F3 /* Frameworks */,
				8793D37A2D10A3E300A8D6F3 /* Resources */,
			);
			buildRules = (
			);
			dependencies = (
			);
			fileSystemSynchronizedGroups = (
				8793D37E2D10A3E300A8D6F3 /* RandomNumberAPP */,
			);
			name = RandomNumberAPP;
			productName = RandomNumberAPP;
			productReference = 8793D37C2D10A3E300A8D6F3 /* RandomNumberAPP.app */;
			productType = "com.apple.product-type.application";
		};
		8793D3912D10A3E400A8D6F3 /* RandomNumberAPPTests */ = {
			isa = PBXNativeTarget;
			buildConfigurationList = 8793D3AA2D10A3E400A8D6F3 /* Build configuration list for PBXNativeTarget "RandomNumberAPPTests" */;
			buildPhases = (
				85579F3A44A1A7AE401227FA /* [CP] Check Pods Manifest.lock */,
				8793D38E2D10A3E400A8D6F3 /* Sources */,
				8793D38F2D10A3E400A8D6F3 /* Frameworks */,
				8793D3902D10A3E400A8D6F3 /* Resources */,
			);
			buildRules = (
			);
			dependencies = (
				8793D3942D10A3E400A8D6F3 /* PBXTargetDependency */,
			);
			fileSystemSynchronizedGroups = (
				8793D3952D10A3E400A8D6F3 /* RandomNumberAPPTests */,
			);
			name = RandomNumberAPPTests;
			productName = RandomNumberAPPTests;
			productReference = 8793D3922D10A3E400A8D6F3 /* RandomNumberAPPTests.xctest */;
			productType = "com.apple.product-type.bundle.unit-test";
		};
		8793D39B2D10A3E400A8D6F3 /* RandomNumberAPPUITests */ = {
			isa = PBXNativeTarget;
			buildConfigurationList = 8793D3AD2D10A3E400A8D6F3 /* Build configuration list for PBXNativeTarget "RandomNumberAPPUITests" */;
			buildPhases = (
				040F2D1CF09CD0F35636F9B2 /* [CP] Check Pods Manifest.lock */,
				8793D3982D10A3E400A8D6F3 /* Sources */,
				8793D3992D10A3E400A8D6F3 /* Frameworks */,
				8793D39A2D10A3E400A8D6F3 /* Resources */,
				BE80EE8E809B6C0573146D09 /* [CP] Embed Pods Frameworks */,
			);
			buildRules = (
			);
			dependencies = (
				8793D39E2D10A3E400A8D6F3 /* PBXTargetDependency */,
			);
			fileSystemSynchronizedGroups = (
				8793D39F2D10A3E400A8D6F3 /* RandomNumberAPPUITests */,
			);
			name = RandomNumberAPPUITests;
			productName = RandomNumberAPPUITests;
			productReference = 8793D39C2D10A3E400A8D6F3 /* RandomNumberAPPUITests.xctest */;
			productType = "com.apple.product-type.bundle.ui-testing";
		};
/* End PBXNativeTarget section */

/* Begin PBXProject section */
		8793D3742D10A3E300A8D6F3 /* Project object */ = {
			isa = PBXProject;
			attributes = {
				BuildIndependentTargetsInParallel = 1;
				LastSwiftUpdateCheck = 1620;
				LastUpgradeCheck = 1620;
				TargetAttributes = {
					8793D37B2D10A3E300A8D6F3 = {
						CreatedOnToolsVersion = 16.2;
					};
					8793D3912D10A3E400A8D6F3 = {
						CreatedOnToolsVersion = 16.2;
						TestTargetID = 8793D37B2D10A3E300A8D6F3;
					};
					8793D39B2D10A3E400A8D6F3 = {
						CreatedOnToolsVersion = 16.2;
						TestTargetID = 8793D37B2D10A3E300A8D6F3;
					};
				};
			};
			buildConfigurationList = 8793D3772D10A3E300A8D6F3 /* Build configuration list for PBXProject "RandomNumberAPP" */;
			developmentRegion = en;
			hasScannedForEncodings = 0;
			knownRegions = (
				en,
				Base,
			);
			mainGroup = 8793D3732D10A3E300A8D6F3;
			minimizedProjectReferenceProxies = 1;
			packageReferences = (
				87A81CE02D10A81A00A4AEF6 /* XCRemoteSwiftPackageReference "firebase-ios-sdk" */,
			);
			preferredProjectObjectVersion = 77;
			productRefGroup = 8793D37D2D10A3E300A8D6F3 /* Products */;
			projectDirPath = "";
			projectRoot = "";
			targets = (
				8793D37B2D10A3E300A8D6F3 /* RandomNumberAPP */,
				8793D3912D10A3E400A8D6F3 /* RandomNumberAPPTests */,
				8793D39B2D10A3E400A8D6F3 /* RandomNumberAPPUITests */,
			);
		};
/* End PBXProject section */

/* Begin PBXResourcesBuildPhase section */
		8793D37A2D10A3E300A8D6F3 /* Resources */ = {
			isa = PBXResourcesBuildPhase;
			buildActionMask = 2147483647;
			files = (
			);
			runOnlyForDeploymentPostprocessing = 0;
		};
		8793D3902D10A3E400A8D6F3 /* Resources */ = {
			isa = PBXResourcesBuildPhase;
			buildActionMask = 2147483647;
			files = (
			);
			runOnlyForDeploymentPostprocessing = 0;
		};
		8793D39A2D10A3E400A8D6F3 /* Resources */ = {
			isa = PBXResourcesBuildPhase;
			buildActionMask = 2147483647;
			files = (
			);
			runOnlyForDeploymentPostprocessing = 0;
		};
/* End PBXResourcesBuildPhase section */

/* Begin PBXShellScriptBuildPhase section */
		040F2D1CF09CD0F35636F9B2 /* [CP] Check Pods Manifest.lock */ = {
			isa = PBXShellScriptBuildPhase;
			buildActionMask = 2147483647;
			files = (
			);
			inputFileListPaths = (
			);
			inputPaths = (
				"${PODS_PODFILE_DIR_PATH}/Podfile.lock",
				"${PODS_ROOT}/Manifest.lock",
			);
			name = "[CP] Check Pods Manifest.lock";
			outputFileListPaths = (
			);
			outputPaths = (
				"$(DERIVED_FILE_DIR)/Pods-RandomNumberAPP-RandomNumberAPPUITests-checkManifestLockResult.txt",
			);
			runOnlyForDeploymentPostprocessing = 0;
			shellPath = /bin/sh;
			shellScript = "diff \"${PODS_PODFILE_DIR_PATH}/Podfile.lock\" \"${PODS_ROOT}/Manifest.lock\" > /dev/null\nif [ $? != 0 ] ; then\n    # print error to STDERR\n    echo \"error: The sandbox is not in sync with the Podfile.lock. Run 'pod install' or update your CocoaPods installation.\" >&2\n    exit 1\nfi\n# This output is used by Xcode 'outputs' to avoid re-running this script phase.\necho \"SUCCESS\" > \"${SCRIPT_OUTPUT_FILE_0}\"\n";
			showEnvVarsInLog = 0;
		};
		85579F3A44A1A7AE401227FA /* [CP] Check Pods Manifest.lock */ = {
			isa = PBXShellScriptBuildPhase;
			buildActionMask = 2147483647;
			files = (
			);
			inputFileListPaths = (
			);
			inputPaths = (
				"${PODS_PODFILE_DIR_PATH}/Podfile.lock",
				"${PODS_ROOT}/Manifest.lock",
			);
			name = "[CP] Check Pods Manifest.lock";
			outputFileListPaths = (
			);
			outputPaths = (
				"$(DERIVED_FILE_DIR)/Pods-RandomNumberAPPTests-checkManifestLockResult.txt",
			);
			runOnlyForDeploymentPostprocessing = 0;
			shellPath = /bin/sh;
			shellScript = "diff \"${PODS_PODFILE_DIR_PATH}/Podfile.lock\" \"${PODS_ROOT}/Manifest.lock\" > /dev/null\nif [ $? != 0 ] ; then\n    # print error to STDERR\n    echo \"error: The sandbox is not in sync with the Podfile.lock. Run 'pod install' or update your CocoaPods installation.\" >&2\n    exit 1\nfi\n# This output is used by Xcode 'outputs' to avoid re-running this script phase.\necho \"SUCCESS\" > \"${SCRIPT_OUTPUT_FILE_0}\"\n";
			showEnvVarsInLog = 0;
		};
		BE80EE8E809B6C0573146D09 /* [CP] Embed Pods Frameworks */ = {
			isa = PBXShellScriptBuildPhase;
			buildActionMask = 2147483647;
			files = (
			);
			inputFileListPaths = (
				"${PODS_ROOT}/Target Support Files/Pods-RandomNumberAPP-RandomNumberAPPUITests/Pods-RandomNumberAPP-RandomNumberAPPUITests-frameworks-${CONFIGURATION}-input-files.xcfilelist",
			);
			name = "[CP] Embed Pods Frameworks";
			outputFileListPaths = (
				"${PODS_ROOT}/Target Support Files/Pods-RandomNumberAPP-RandomNumberAPPUITests/Pods-RandomNumberAPP-RandomNumberAPPUITests-frameworks-${CONFIGURATION}-output-files.xcfilelist",
			);
			runOnlyForDeploymentPostprocessing = 0;
			shellPath = /bin/sh;
			shellScript = "\"${PODS_ROOT}/Target Support Files/Pods-RandomNumberAPP-RandomNumberAPPUITests/Pods-RandomNumberAPP-RandomNumberAPPUITests-frameworks.sh\"\n";
			showEnvVarsInLog = 0;
		};
/* End PBXShellScriptBuildPhase section */

/* Begin PBXSourcesBuildPhase section */
		8793D3782D10A3E300A8D6F3 /* Sources */ = {
			isa = PBXSourcesBuildPhase;
			buildActionMask = 2147483647;
			files = (
			);
			runOnlyForDeploymentPostprocessing = 0;
		};
		8793D38E2D10A3E400A8D6F3 /* Sources */ = {
			isa = PBXSourcesBuildPhase;
			buildActionMask = 2147483647;
			files = (
			);
			runOnlyForDeploymentPostprocessing = 0;
		};
		8793D3982D10A3E400A8D6F3 /* Sources */ = {
			isa = PBXSourcesBuildPhase;
			buildActionMask = 2147483647;
			files = (
			);
			runOnlyForDeploymentPostprocessing = 0;
		};
/* End PBXSourcesBuildPhase section */

/* Begin PBXTargetDependency section */
		8793D3942D10A3E400A8D6F3 /* PBXTargetDependency */ = {
			isa = PBXTargetDependency;
			target = 8793D37B2D10A3E300A8D6F3 /* RandomNumberAPP */;
			targetProxy = 8793D3932D10A3E400A8D6F3 /* PBXContainerItemProxy */;
		};
		8793D39E2D10A3E400A8D6F3 /* PBXTargetDependency */ = {
			isa = PBXTargetDependency;
			target = 8793D37B2D10A3E300A8D6F3 /* RandomNumberAPP */;
			targetProxy = 8793D39D2D10A3E400A8D6F3 /* PBXContainerItemProxy */;
		};
/* End PBXTargetDependency section */

/* Begin XCBuildConfiguration section */
		8793D3A62D10A3E400A8D6F3 /* Debug */ = {
			isa = XCBuildConfiguration;
			buildSettings = {
				ASSETCATALOG_COMPILER_APPICON_NAME = AppIcon;
				ASSETCATALOG_COMPILER_GLOBAL_ACCENT_COLOR_NAME = AccentColor;
				CODE_SIGN_STYLE = Automatic;
				CURRENT_PROJECT_VERSION = 1;
				GENERATE_INFOPLIST_FILE = YES;
				INFOPLIST_FILE = RandomNumberAPP/Info.plist;
				INFOPLIST_KEY_UIApplicationSupportsIndirectInputEvents = YES;
				INFOPLIST_KEY_UILaunchStoryboardName = LaunchScreen;
				INFOPLIST_KEY_UISupportedInterfaceOrientations_iPad = "UIInterfaceOrientationPortrait UIInterfaceOrientationPortraitUpsideDown UIInterfaceOrientationLandscapeLeft UIInterfaceOrientationLandscapeRight";
				INFOPLIST_KEY_UISupportedInterfaceOrientations_iPhone = "UIInterfaceOrientationPortrait UIInterfaceOrientationLandscapeLeft UIInterfaceOrientationLandscapeRight";
				IPHONEOS_DEPLOYMENT_TARGET = 17.6;
				LD_RUNPATH_SEARCH_PATHS = (
					"$(inherited)",
					"@executable_path/Frameworks",
				);
				MARKETING_VERSION = 1.0;
				PRODUCT_BUNDLE_IDENTIFIER = YG.RandomNumberAPP;
				PRODUCT_NAME = "$(TARGET_NAME)";
				SWIFT_EMIT_LOC_STRINGS = YES;
				SWIFT_VERSION = 5.0;
				TARGETED_DEVICE_FAMILY = "1,2";
			};
			name = Debug;
		};
		8793D3A72D10A3E400A8D6F3 /* Release */ = {
			isa = XCBuildConfiguration;
			buildSettings = {
				ASSETCATALOG_COMPILER_APPICON_NAME = AppIcon;
				ASSETCATALOG_COMPILER_GLOBAL_ACCENT_COLOR_NAME = AccentColor;
				CODE_SIGN_STYLE = Automatic;
				CURRENT_PROJECT_VERSION = 1;
				GENERATE_INFOPLIST_FILE = YES;
				INFOPLIST_FILE = RandomNumberAPP/Info.plist;
				INFOPLIST_KEY_UIApplicationSupportsIndirectInputEvents = YES;
				INFOPLIST_KEY_UILaunchStoryboardName = LaunchScreen;
				INFOPLIST_KEY_UISupportedInterfaceOrientations_iPad = "UIInterfaceOrientationPortrait UIInterfaceOrientationPortraitUpsideDown UIInterfaceOrientationLandscapeLeft UIInterfaceOrientationLandscapeRight";
				INFOPLIST_KEY_UISupportedInterfaceOrientations_iPhone = "UIInterfaceOrientationPortrait UIInterfaceOrientationLandscapeLeft UIInterfaceOrientationLandscapeRight";
				IPHONEOS_DEPLOYMENT_TARGET = 17.6;
				LD_RUNPATH_SEARCH_PATHS = (
					"$(inherited)",
					"@executable_path/Frameworks",
				);
				MARKETING_VERSION = 1.0;
				PRODUCT_BUNDLE_IDENTIFIER = YG.RandomNumberAPP;
				PRODUCT_NAME = "$(TARGET_NAME)";
				SWIFT_EMIT_LOC_STRINGS = YES;
				SWIFT_VERSION = 5.0;
				TARGETED_DEVICE_FAMILY = "1,2";
			};
			name = Release;
		};
		8793D3A82D10A3E400A8D6F3 /* Debug */ = {
			isa = XCBuildConfiguration;
			buildSettings = {
				ALWAYS_SEARCH_USER_PATHS = NO;
				ASSETCATALOG_COMPILER_GENERATE_SWIFT_ASSET_SYMBOL_EXTENSIONS = YES;
				CLANG_ANALYZER_NONNULL = YES;
				CLANG_ANALYZER_NUMBER_OBJECT_CONVERSION = YES_AGGRESSIVE;
				CLANG_CXX_LANGUAGE_STANDARD = "gnu++20";
				CLANG_ENABLE_MODULES = YES;
				CLANG_ENABLE_OBJC_ARC = YES;
				CLANG_ENABLE_OBJC_WEAK = YES;
				CLANG_WARN_BLOCK_CAPTURE_AUTORELEASING = YES;
				CLANG_WARN_BOOL_CONVERSION = YES;
				CLANG_WARN_COMMA = YES;
				CLANG_WARN_CONSTANT_CONVERSION = YES;
				CLANG_WARN_DEPRECATED_OBJC_IMPLEMENTATIONS = YES;
				CLANG_WARN_DIRECT_OBJC_ISA_USAGE = YES_ERROR;
				CLANG_WARN_DOCUMENTATION_COMMENTS = YES;
				CLANG_WARN_EMPTY_BODY = YES;
				CLANG_WARN_ENUM_CONVERSION = YES;
				CLANG_WARN_INFINITE_RECURSION = YES;
				CLANG_WARN_INT_CONVERSION = YES;
				CLANG_WARN_NON_LITERAL_NULL_CONVERSION = YES;
				CLANG_WARN_OBJC_IMPLICIT_RETAIN_SELF = YES;
				CLANG_WARN_OBJC_LITERAL_CONVERSION = YES;
				CLANG_WARN_OBJC_ROOT_CLASS = YES_ERROR;
				CLANG_WARN_QUOTED_INCLUDE_IN_FRAMEWORK_HEADER = YES;
				CLANG_WARN_RANGE_LOOP_ANALYSIS = YES;
				CLANG_WARN_STRICT_PROTOTYPES = YES;
				CLANG_WARN_SUSPICIOUS_MOVE = YES;
				CLANG_WARN_UNGUARDED_AVAILABILITY = YES_AGGRESSIVE;
				CLANG_WARN_UNREACHABLE_CODE = YES;
				CLANG_WARN__DUPLICATE_METHOD_MATCH = YES;
				COPY_PHASE_STRIP = NO;
				DEBUG_INFORMATION_FORMAT = dwarf;
				ENABLE_STRICT_OBJC_MSGSEND = YES;
				ENABLE_TESTABILITY = YES;
				ENABLE_USER_SCRIPT_SANDBOXING = YES;
				GCC_C_LANGUAGE_STANDARD = gnu17;
				GCC_DYNAMIC_NO_PIC = NO;
				GCC_NO_COMMON_BLOCKS = YES;
				GCC_OPTIMIZATION_LEVEL = 0;
				GCC_PREPROCESSOR_DEFINITIONS = (
					"DEBUG=1",
					"$(inherited)",
				);
				GCC_WARN_64_TO_32_BIT_CONVERSION = YES;
				GCC_WARN_ABOUT_RETURN_TYPE = YES_ERROR;
				GCC_WARN_UNDECLARED_SELECTOR = YES;
				GCC_WARN_UNINITIALIZED_AUTOS = YES_AGGRESSIVE;
				GCC_WARN_UNUSED_FUNCTION = YES;
				GCC_WARN_UNUSED_VARIABLE = YES;
				IPHONEOS_DEPLOYMENT_TARGET = 18.2;
				LOCALIZATION_PREFERS_STRING_CATALOGS = YES;
				MTL_ENABLE_DEBUG_INFO = INCLUDE_SOURCE;
				MTL_FAST_MATH = YES;
				ONLY_ACTIVE_ARCH = YES;
				SDKROOT = iphoneos;
				SWIFT_ACTIVE_COMPILATION_CONDITIONS = "DEBUG $(inherited)";
				SWIFT_OPTIMIZATION_LEVEL = "-Onone";
			};
			name = Debug;
		};
		8793D3A92D10A3E400A8D6F3 /* Release */ = {
			isa = XCBuildConfiguration;
			buildSettings = {
				ALWAYS_SEARCH_USER_PATHS = NO;
				ASSETCATALOG_COMPILER_GENERATE_SWIFT_ASSET_SYMBOL_EXTENSIONS = YES;
				CLANG_ANALYZER_NONNULL = YES;
				CLANG_ANALYZER_NUMBER_OBJECT_CONVERSION = YES_AGGRESSIVE;
				CLANG_CXX_LANGUAGE_STANDARD = "gnu++20";
				CLANG_ENABLE_MODULES = YES;
				CLANG_ENABLE_OBJC_ARC = YES;
				CLANG_ENABLE_OBJC_WEAK = YES;
				CLANG_WARN_BLOCK_CAPTURE_AUTORELEASING = YES;
				CLANG_WARN_BOOL_CONVERSION = YES;
				CLANG_WARN_COMMA = YES;
				CLANG_WARN_CONSTANT_CONVERSION = YES;
				CLANG_WARN_DEPRECATED_OBJC_IMPLEMENTATIONS = YES;
				CLANG_WARN_DIRECT_OBJC_ISA_USAGE = YES_ERROR;
				CLANG_WARN_DOCUMENTATION_COMMENTS = YES;
				CLANG_WARN_EMPTY_BODY = YES;
				CLANG_WARN_ENUM_CONVERSION = YES;
				CLANG_WARN_INFINITE_RECURSION = YES;
				CLANG_WARN_INT_CONVERSION = YES;
				CLANG_WARN_NON_LITERAL_NULL_CONVERSION = YES;
				CLANG_WARN_OBJC_IMPLICIT_RETAIN_SELF = YES;
				CLANG_WARN_OBJC_LITERAL_CONVERSION = YES;
				CLANG_WARN_OBJC_ROOT_CLASS = YES_ERROR;
				CLANG_WARN_QUOTED_INCLUDE_IN_FRAMEWORK_HEADER = YES;
				CLANG_WARN_RANGE_LOOP_ANALYSIS = YES;
				CLANG_WARN_STRICT_PROTOTYPES = YES;
				CLANG_WARN_SUSPICIOUS_MOVE = YES;
				CLANG_WARN_UNGUARDED_AVAILABILITY = YES_AGGRESSIVE;
				CLANG_WARN_UNREACHABLE_CODE = YES;
				CLANG_WARN__DUPLICATE_METHOD_MATCH = YES;
				COPY_PHASE_STRIP = NO;
				DEBUG_INFORMATION_FORMAT = "dwarf-with-dsym";
				ENABLE_NS_ASSERTIONS = NO;
				ENABLE_STRICT_OBJC_MSGSEND = YES;
				ENABLE_USER_SCRIPT_SANDBOXING = YES;
				GCC_C_LANGUAGE_STANDARD = gnu17;
				GCC_NO_COMMON_BLOCKS = YES;
				GCC_WARN_64_TO_32_BIT_CONVERSION = YES;
				GCC_WARN_ABOUT_RETURN_TYPE = YES_ERROR;
				GCC_WARN_UNDECLARED_SELECTOR = YES;
				GCC_WARN_UNINITIALIZED_AUTOS = YES_AGGRESSIVE;
				GCC_WARN_UNUSED_FUNCTION = YES;
				GCC_WARN_UNUSED_VARIABLE = YES;
				IPHONEOS_DEPLOYMENT_TARGET = 18.2;
				LOCALIZATION_PREFERS_STRING_CATALOGS = YES;
				MTL_ENABLE_DEBUG_INFO = NO;
				MTL_FAST_MATH = YES;
				SDKROOT = iphoneos;
				SWIFT_COMPILATION_MODE = wholemodule;
				VALIDATE_PRODUCT = YES;
			};
			name = Release;
		};
		8793D3AB2D10A3E400A8D6F3 /* Debug */ = {
			isa = XCBuildConfiguration;
			buildSettings = {
				BUNDLE_LOADER = "$(TEST_HOST)";
				CODE_SIGN_STYLE = Automatic;
				CURRENT_PROJECT_VERSION = 1;
				GENERATE_INFOPLIST_FILE = YES;
				IPHONEOS_DEPLOYMENT_TARGET = 18.2;
				MARKETING_VERSION = 1.0;
				PRODUCT_BUNDLE_IDENTIFIER = YG.RandomNumberAPPTests;
				PRODUCT_NAME = "$(TARGET_NAME)";
				SWIFT_EMIT_LOC_STRINGS = NO;
				SWIFT_VERSION = 5.0;
				TARGETED_DEVICE_FAMILY = "1,2";
				TEST_HOST = "$(BUILT_PRODUCTS_DIR)/RandomNumberAPP.app/$(BUNDLE_EXECUTABLE_FOLDER_PATH)/RandomNumberAPP";
			};
			name = Debug;
		};
		8793D3AC2D10A3E400A8D6F3 /* Release */ = {
			isa = XCBuildConfiguration;
			buildSettings = {
				BUNDLE_LOADER = "$(TEST_HOST)";
				CODE_SIGN_STYLE = Automatic;
				CURRENT_PROJECT_VERSION = 1;
				GENERATE_INFOPLIST_FILE = YES;
				IPHONEOS_DEPLOYMENT_TARGET = 18.2;
				MARKETING_VERSION = 1.0;
				PRODUCT_BUNDLE_IDENTIFIER = YG.RandomNumberAPPTests;
				PRODUCT_NAME = "$(TARGET_NAME)";
				SWIFT_EMIT_LOC_STRINGS = NO;
				SWIFT_VERSION = 5.0;
				TARGETED_DEVICE_FAMILY = "1,2";
				TEST_HOST = "$(BUILT_PRODUCTS_DIR)/RandomNumberAPP.app/$(BUNDLE_EXECUTABLE_FOLDER_PATH)/RandomNumberAPP";
			};
			name = Release;
		};
		8793D3AE2D10A3E400A8D6F3 /* Debug */ = {
			isa = XCBuildConfiguration;
			buildSettings = {
				CODE_SIGN_STYLE = Automatic;
				CURRENT_PROJECT_VERSION = 1;
				GENERATE_INFOPLIST_FILE = YES;
				MARKETING_VERSION = 1.0;
				PRODUCT_BUNDLE_IDENTIFIER = YG.RandomNumberAPPUITests;
				PRODUCT_NAME = "$(TARGET_NAME)";
				SWIFT_EMIT_LOC_STRINGS = NO;
				SWIFT_VERSION = 5.0;
				TARGETED_DEVICE_FAMILY = "1,2";
				TEST_TARGET_NAME = RandomNumberAPP;
			};
			name = Debug;
		};
		8793D3AF2D10A3E400A8D6F3 /* Release */ = {
			isa = XCBuildConfiguration;
			buildSettings = {
				CODE_SIGN_STYLE = Automatic;
				CURRENT_PROJECT_VERSION = 1;
				GENERATE_INFOPLIST_FILE = YES;
				MARKETING_VERSION = 1.0;
				PRODUCT_BUNDLE_IDENTIFIER = YG.RandomNumberAPPUITests;
				PRODUCT_NAME = "$(TARGET_NAME)";
				SWIFT_EMIT_LOC_STRINGS = NO;
				SWIFT_VERSION = 5.0;
				TARGETED_DEVICE_FAMILY = "1,2";
				TEST_TARGET_NAME = RandomNumberAPP;
			};
			name = Release;
		};
/* End XCBuildConfiguration section */

/* Begin XCConfigurationList section */
		8793D3772D10A3E300A8D6F3 /* Build configuration list for PBXProject "RandomNumberAPP" */ = {
			isa = XCConfigurationList;
			buildConfigurations = (
				8793D3A82D10A3E400A8D6F3 /* Debug */,
				8793D3A92D10A3E400A8D6F3 /* Release */,
			);
			defaultConfigurationIsVisible = 0;
			defaultConfigurationName = Release;
		};
		8793D3A52D10A3E400A8D6F3 /* Build configuration list for PBXNativeTarget "RandomNumberAPP" */ = {
			isa = XCConfigurationList;
			buildConfigurations = (
				8793D3A62D10A3E400A8D6F3 /* Debug */,
				8793D3A72D10A3E400A8D6F3 /* Release */,
			);
			defaultConfigurationIsVisible = 0;
			defaultConfigurationName = Release;
		};
		8793D3AA2D10A3E400A8D6F3 /* Build configuration list for PBXNativeTarget "RandomNumberAPPTests" */ = {
			isa = XCConfigurationList;
			buildConfigurations = (
				8793D3AB2D10A3E400A8D6F3 /* Debug */,
				8793D3AC2D10A3E400A8D6F3 /* Release */,
			);
			defaultConfigurationIsVisible = 0;
			defaultConfigurationName = Release;
		};
		8793D3AD2D10A3E400A8D6F3 /* Build configuration list for PBXNativeTarget "RandomNumberAPPUITests" */ = {
			isa = XCConfigurationList;
			buildConfigurations = (
				8793D3AE2D10A3E400A8D6F3 /* Debug */,
				8793D3AF2D10A3E400A8D6F3 /* Release */,
			);
			defaultConfigurationIsVisible = 0;
			defaultConfigurationName = Release;
		};
/* End XCConfigurationList section */

/* Begin XCRemoteSwiftPackageReference section */
		87A81CE02D10A81A00A4AEF6 /* XCRemoteSwiftPackageReference "firebase-ios-sdk" */ = {
			isa = XCRemoteSwiftPackageReference;
			repositoryURL = "https://github.com/firebase/firebase-ios-sdk";
			requirement = {
				kind = upToNextMajorVersion;
				minimumVersion = 11.6.0;
			};
		};
/* End XCRemoteSwiftPackageReference section */

/* Begin XCSwiftPackageProductDependency section */
		87A81CE12D10A81A00A4AEF6 /* FirebaseAnalytics */ = {
			isa = XCSwiftPackageProductDependency;
			package = 87A81CE02D10A81A00A4AEF6 /* XCRemoteSwiftPackageReference "firebase-ios-sdk" */;
			productName = FirebaseAnalytics;
		};
		87A81CE32D10A81A00A4AEF6 /* FirebaseAnalyticsOnDeviceConversion */ = {
			isa = XCSwiftPackageProductDependency;
			package = 87A81CE02D10A81A00A4AEF6 /* XCRemoteSwiftPackageReference "firebase-ios-sdk" */;
			productName = FirebaseAnalyticsOnDeviceConversion;
		};
		87A81CE52D10A81A00A4AEF6 /* FirebaseAnalyticsWithoutAdIdSupport */ = {
			isa = XCSwiftPackageProductDependency;
			package = 87A81CE02D10A81A00A4AEF6 /* XCRemoteSwiftPackageReference "firebase-ios-sdk" */;
			productName = FirebaseAnalyticsWithoutAdIdSupport;
		};
		87A81CE72D10A81A00A4AEF6 /* FirebaseAppCheck */ = {
			isa = XCSwiftPackageProductDependency;
			package = 87A81CE02D10A81A00A4AEF6 /* XCRemoteSwiftPackageReference "firebase-ios-sdk" */;
			productName = FirebaseAppCheck;
		};
		87A81CE92D10A81A00A4AEF6 /* FirebaseAppDistribution-Beta */ = {
			isa = XCSwiftPackageProductDependency;
			package = 87A81CE02D10A81A00A4AEF6 /* XCRemoteSwiftPackageReference "firebase-ios-sdk" */;
			productName = "FirebaseAppDistribution-Beta";
		};
		87A81CEB2D10A81A00A4AEF6 /* FirebaseAuth */ = {
			isa = XCSwiftPackageProductDependency;
			package = 87A81CE02D10A81A00A4AEF6 /* XCRemoteSwiftPackageReference "firebase-ios-sdk" */;
			productName = FirebaseAuth;
		};
		87A81CED2D10A81A00A4AEF6 /* FirebaseAuthCombine-Community */ = {
			isa = XCSwiftPackageProductDependency;
			package = 87A81CE02D10A81A00A4AEF6 /* XCRemoteSwiftPackageReference "firebase-ios-sdk" */;
			productName = "FirebaseAuthCombine-Community";
		};
		87A81CEF2D10A81A00A4AEF6 /* FirebaseCore */ = {
			isa = XCSwiftPackageProductDependency;
			package = 87A81CE02D10A81A00A4AEF6 /* XCRemoteSwiftPackageReference "firebase-ios-sdk" */;
			productName = FirebaseCore;
		};
		87A81CF12D10A81A00A4AEF6 /* FirebaseCrashlytics */ = {
			isa = XCSwiftPackageProductDependency;
			package = 87A81CE02D10A81A00A4AEF6 /* XCRemoteSwiftPackageReference "firebase-ios-sdk" */;
			productName = FirebaseCrashlytics;
		};
		87A81CF32D10A81A00A4AEF6 /* FirebaseDatabase */ = {
			isa = XCSwiftPackageProductDependency;
			package = 87A81CE02D10A81A00A4AEF6 /* XCRemoteSwiftPackageReference "firebase-ios-sdk" */;
			productName = FirebaseDatabase;
		};
		87A81CF52D10A81A00A4AEF6 /* FirebaseDynamicLinks */ = {
			isa = XCSwiftPackageProductDependency;
			package = 87A81CE02D10A81A00A4AEF6 /* XCRemoteSwiftPackageReference "firebase-ios-sdk" */;
			productName = FirebaseDynamicLinks;
		};
		87A81CF72D10A81A00A4AEF6 /* FirebaseFirestore */ = {
			isa = XCSwiftPackageProductDependency;
			package = 87A81CE02D10A81A00A4AEF6 /* XCRemoteSwiftPackageReference "firebase-ios-sdk" */;
			productName = FirebaseFirestore;
		};
		87A81CF92D10A81A00A4AEF6 /* FirebaseFirestoreCombine-Community */ = {
			isa = XCSwiftPackageProductDependency;
			package = 87A81CE02D10A81A00A4AEF6 /* XCRemoteSwiftPackageReference "firebase-ios-sdk" */;
			productName = "FirebaseFirestoreCombine-Community";
		};
		87A81CFB2D10A81A00A4AEF6 /* FirebaseFunctions */ = {
			isa = XCSwiftPackageProductDependency;
			package = 87A81CE02D10A81A00A4AEF6 /* XCRemoteSwiftPackageReference "firebase-ios-sdk" */;
			productName = FirebaseFunctions;
		};
		87A81CFD2D10A81A00A4AEF6 /* FirebaseFunctionsCombine-Community */ = {
			isa = XCSwiftPackageProductDependency;
			package = 87A81CE02D10A81A00A4AEF6 /* XCRemoteSwiftPackageReference "firebase-ios-sdk" */;
			productName = "FirebaseFunctionsCombine-Community";
		};
		87A81CFF2D10A81A00A4AEF6 /* FirebaseInAppMessaging-Beta */ = {
			isa = XCSwiftPackageProductDependency;
			package = 87A81CE02D10A81A00A4AEF6 /* XCRemoteSwiftPackageReference "firebase-ios-sdk" */;
			productName = "FirebaseInAppMessaging-Beta";
		};
/* End XCSwiftPackageProductDependency section */
	};
	rootObject = 8793D3742D10A3E300A8D6F3 /* Project object */;
}
